// !$*UTF8*$!
{
	archiveVersion = 1;
	classes = {
	};
	objectVersion = 51;
	objects = {

/* Begin PBXBuildFile section */
		0CBC67AA7005DE5F76FE2ECC /* Pods_RecipesAppTests.framework in Frameworks */ = {isa = PBXBuildFile; fileRef = FEB2B5156A0206C1E6CD208D /* Pods_RecipesAppTests.framework */; };
		8A47B9D757A8B739CF746C46 /* Pods_RecipesApp_RecipesAppUITests.framework in Frameworks */ = {isa = PBXBuildFile; fileRef = 4D7E74469B4FD509EE8943AB /* Pods_RecipesApp_RecipesAppUITests.framework */; };
		E1BDD03D870B90FDF5C5B6E9 /* Pods_RecipesApp.framework in Frameworks */ = {isa = PBXBuildFile; fileRef = 710FE6A7C5ABC9B88995D601 /* Pods_RecipesApp.framework */; };
		FE3F67AA26BEE19600E1F46A /* ContsntsData.swift in Sources */ = {isa = PBXBuildFile; fileRef = FE3F67A926BEE19600E1F46A /* ContsntsData.swift */; };
		FE3F67AF26BEFF4300E1F46A /* RecipeDetailsViewController.swift in Sources */ = {isa = PBXBuildFile; fileRef = FE3F67AE26BEFF4300E1F46A /* RecipeDetailsViewController.swift */; };
		FE3F67B426BF04C800E1F46A /* recipeDetails+ingrediantsTable.swift in Sources */ = {isa = PBXBuildFile; fileRef = FE3F67B326BF04C800E1F46A /* recipeDetails+ingrediantsTable.swift */; };
		FE6CF76326C2CE9D00E28D45 /* RecommendationStack.swift in Sources */ = {isa = PBXBuildFile; fileRef = FE6CF76226C2CE9D00E28D45 /* RecommendationStack.swift */; };
		FE6CF76926C2D18600E28D45 /* SearchRecommendationModel.swift in Sources */ = {isa = PBXBuildFile; fileRef = FE6CF76826C2D18600E28D45 /* SearchRecommendationModel.swift */; };
		FE6CF77426C2D57C00E28D45 /* SearchRecommendationsViewModel.swift in Sources */ = {isa = PBXBuildFile; fileRef = FE6CF77326C2D57C00E28D45 /* SearchRecommendationsViewModel.swift */; };
		FE7AD16426C031C10024F673 /* RoundedCornerButton.swift in Sources */ = {isa = PBXBuildFile; fileRef = FE7AD16326C031C10024F673 /* RoundedCornerButton.swift */; };
		FE7AD16C26C033DB0024F673 /* RecipesMainView+FilterCollectionView.swift in Sources */ = {isa = PBXBuildFile; fileRef = FE7AD16B26C033DB0024F673 /* RecipesMainView+FilterCollectionView.swift */; };
		FE7AD17A26C035100024F673 /* FilterCellCollectionViewCell.swift in Sources */ = {isa = PBXBuildFile; fileRef = FE7AD17926C035100024F673 /* FilterCellCollectionViewCell.swift */; };
		FE7AD18226C051950024F673 /* ViewController+Spinner.swift in Sources */ = {isa = PBXBuildFile; fileRef = FE7AD18126C051950024F673 /* ViewController+Spinner.swift */; };
		FE7AD18726C054200024F673 /* RecipeMainView+SearchBar.swift in Sources */ = {isa = PBXBuildFile; fileRef = FE7AD18626C054200024F673 /* RecipeMainView+SearchBar.swift */; };
		FE9480E526BC35E800E41CDC /* AppDelegate.swift in Sources */ = {isa = PBXBuildFile; fileRef = FE9480E426BC35E800E41CDC /* AppDelegate.swift */; };
		FE9480E926BC35E800E41CDC /* RecipesMainViewController.swift in Sources */ = {isa = PBXBuildFile; fileRef = FE9480E826BC35E800E41CDC /* RecipesMainViewController.swift */; };
		FE9480EC26BC35E800E41CDC /* Main.storyboard in Resources */ = {isa = PBXBuildFile; fileRef = FE9480EA26BC35E800E41CDC /* Main.storyboard */; };
		FE9480EF26BC35E800E41CDC /* RecipesApp.xcdatamodeld in Sources */ = {isa = PBXBuildFile; fileRef = FE9480ED26BC35E800E41CDC /* RecipesApp.xcdatamodeld */; };
		FE9480F126BC35EA00E41CDC /* Assets.xcassets in Resources */ = {isa = PBXBuildFile; fileRef = FE9480F026BC35EA00E41CDC /* Assets.xcassets */; };
		FE9480F426BC35EA00E41CDC /* LaunchScreen.storyboard in Resources */ = {isa = PBXBuildFile; fileRef = FE9480F226BC35EA00E41CDC /* LaunchScreen.storyboard */; };
		FE9480FF26BC35EA00E41CDC /* RecipesAppTests.swift in Sources */ = {isa = PBXBuildFile; fileRef = FE9480FE26BC35EA00E41CDC /* RecipesAppTests.swift */; };
		FE94810A26BC35EA00E41CDC /* RecipesAppUITests.swift in Sources */ = {isa = PBXBuildFile; fileRef = FE94810926BC35EA00E41CDC /* RecipesAppUITests.swift */; };
		FE94812926BC415000E41CDC /* RecipesMainView+tableExtension.swift in Sources */ = {isa = PBXBuildFile; fileRef = FE94812826BC415000E41CDC /* RecipesMainView+tableExtension.swift */; };
		FE94812F26BC41BF00E41CDC /* Recipe.swift in Sources */ = {isa = PBXBuildFile; fileRef = FE94812E26BC41BF00E41CDC /* Recipe.swift */; };
		FE94813426BC433B00E41CDC /* RecipesAPIResponse.swift in Sources */ = {isa = PBXBuildFile; fileRef = FE94813326BC433B00E41CDC /* RecipesAPIResponse.swift */; };
		FE94813926BC490D00E41CDC /* RecipeTableCell.swift in Sources */ = {isa = PBXBuildFile; fileRef = FE94813826BC490D00E41CDC /* RecipeTableCell.swift */; };
		FE94815A26BC5E4C00E41CDC /* RecipesAPIModel.swift in Sources */ = {isa = PBXBuildFile; fileRef = FE94815926BC5E4C00E41CDC /* RecipesAPIModel.swift */; };
		FE94816426BC5FF300E41CDC /* URLs.swift in Sources */ = {isa = PBXBuildFile; fileRef = FE94816326BC5FF300E41CDC /* URLs.swift */; };
		FE94816C26BC61B300E41CDC /* RecipesViewModel.swift in Sources */ = {isa = PBXBuildFile; fileRef = FE94816B26BC61B300E41CDC /* RecipesViewModel.swift */; };
/* End PBXBuildFile section */

/* Begin PBXContainerItemProxy section */
		FE9480FB26BC35EA00E41CDC /* PBXContainerItemProxy */ = {
			isa = PBXContainerItemProxy;
			containerPortal = FE9480D926BC35E800E41CDC /* Project object */;
			proxyType = 1;
			remoteGlobalIDString = FE9480E026BC35E800E41CDC;
			remoteInfo = RecipesApp;
		};
		FE94810626BC35EA00E41CDC /* PBXContainerItemProxy */ = {
			isa = PBXContainerItemProxy;
			containerPortal = FE9480D926BC35E800E41CDC /* Project object */;
			proxyType = 1;
			remoteGlobalIDString = FE9480E026BC35E800E41CDC;
			remoteInfo = RecipesApp;
		};
/* End PBXContainerItemProxy section */

/* Begin PBXFileReference section */
		0A7F32EBDA18143BCC298621 /* Pods-RecipesAppTests.debug.xcconfig */ = {isa = PBXFileReference; includeInIndex = 1; lastKnownFileType = text.xcconfig; name = "Pods-RecipesAppTests.debug.xcconfig"; path = "Target Support Files/Pods-RecipesAppTests/Pods-RecipesAppTests.debug.xcconfig"; sourceTree = "<group>"; };
		14104B73ADD63A902F7BCBE1 /* Pods-RecipesApp-RecipesAppUITests.debug.xcconfig */ = {isa = PBXFileReference; includeInIndex = 1; lastKnownFileType = text.xcconfig; name = "Pods-RecipesApp-RecipesAppUITests.debug.xcconfig"; path = "Target Support Files/Pods-RecipesApp-RecipesAppUITests/Pods-RecipesApp-RecipesAppUITests.debug.xcconfig"; sourceTree = "<group>"; };
		152B175B21E597A2527F807B /* Pods-RecipesAppTests.release.xcconfig */ = {isa = PBXFileReference; includeInIndex = 1; lastKnownFileType = text.xcconfig; name = "Pods-RecipesAppTests.release.xcconfig"; path = "Target Support Files/Pods-RecipesAppTests/Pods-RecipesAppTests.release.xcconfig"; sourceTree = "<group>"; };
		4D7E74469B4FD509EE8943AB /* Pods_RecipesApp_RecipesAppUITests.framework */ = {isa = PBXFileReference; explicitFileType = wrapper.framework; includeInIndex = 0; path = Pods_RecipesApp_RecipesAppUITests.framework; sourceTree = BUILT_PRODUCTS_DIR; };
		6A98F95E1EE007868AA4BBB8 /* Pods-RecipesApp-RecipesAppUITests.release.xcconfig */ = {isa = PBXFileReference; includeInIndex = 1; lastKnownFileType = text.xcconfig; name = "Pods-RecipesApp-RecipesAppUITests.release.xcconfig"; path = "Target Support Files/Pods-RecipesApp-RecipesAppUITests/Pods-RecipesApp-RecipesAppUITests.release.xcconfig"; sourceTree = "<group>"; };
		710FE6A7C5ABC9B88995D601 /* Pods_RecipesApp.framework */ = {isa = PBXFileReference; explicitFileType = wrapper.framework; includeInIndex = 0; path = Pods_RecipesApp.framework; sourceTree = BUILT_PRODUCTS_DIR; };
		8C90F77224D45653E4CEDF78 /* Pods-RecipesApp.release.xcconfig */ = {isa = PBXFileReference; includeInIndex = 1; lastKnownFileType = text.xcconfig; name = "Pods-RecipesApp.release.xcconfig"; path = "Target Support Files/Pods-RecipesApp/Pods-RecipesApp.release.xcconfig"; sourceTree = "<group>"; };
		ED1AA16AF8AE10260F42CD39 /* Pods-RecipesApp.debug.xcconfig */ = {isa = PBXFileReference; includeInIndex = 1; lastKnownFileType = text.xcconfig; name = "Pods-RecipesApp.debug.xcconfig"; path = "Target Support Files/Pods-RecipesApp/Pods-RecipesApp.debug.xcconfig"; sourceTree = "<group>"; };
		FE3F67A926BEE19600E1F46A /* ContsntsData.swift */ = {isa = PBXFileReference; lastKnownFileType = sourcecode.swift; path = ContsntsData.swift; sourceTree = "<group>"; };
		FE3F67AE26BEFF4300E1F46A /* RecipeDetailsViewController.swift */ = {isa = PBXFileReference; lastKnownFileType = sourcecode.swift; path = RecipeDetailsViewController.swift; sourceTree = "<group>"; };
		FE3F67B326BF04C800E1F46A /* recipeDetails+ingrediantsTable.swift */ = {isa = PBXFileReference; lastKnownFileType = sourcecode.swift; path = "recipeDetails+ingrediantsTable.swift"; sourceTree = "<group>"; };
		FE6CF76226C2CE9D00E28D45 /* RecommendationStack.swift */ = {isa = PBXFileReference; lastKnownFileType = sourcecode.swift; path = RecommendationStack.swift; sourceTree = "<group>"; };
		FE6CF76826C2D18600E28D45 /* SearchRecommendationModel.swift */ = {isa = PBXFileReference; lastKnownFileType = sourcecode.swift; path = SearchRecommendationModel.swift; sourceTree = "<group>"; };
		FE6CF77326C2D57C00E28D45 /* SearchRecommendationsViewModel.swift */ = {isa = PBXFileReference; lastKnownFileType = sourcecode.swift; path = SearchRecommendationsViewModel.swift; sourceTree = "<group>"; };
		FE7AD16326C031C10024F673 /* RoundedCornerButton.swift */ = {isa = PBXFileReference; lastKnownFileType = sourcecode.swift; path = RoundedCornerButton.swift; sourceTree = "<group>"; };
		FE7AD16B26C033DB0024F673 /* RecipesMainView+FilterCollectionView.swift */ = {isa = PBXFileReference; lastKnownFileType = sourcecode.swift; path = "RecipesMainView+FilterCollectionView.swift"; sourceTree = "<group>"; };
		FE7AD17926C035100024F673 /* FilterCellCollectionViewCell.swift */ = {isa = PBXFileReference; lastKnownFileType = sourcecode.swift; path = FilterCellCollectionViewCell.swift; sourceTree = "<group>"; };
		FE7AD18126C051950024F673 /* ViewController+Spinner.swift */ = {isa = PBXFileReference; lastKnownFileType = sourcecode.swift; path = "ViewController+Spinner.swift"; sourceTree = "<group>"; };
		FE7AD18626C054200024F673 /* RecipeMainView+SearchBar.swift */ = {isa = PBXFileReference; lastKnownFileType = sourcecode.swift; path = "RecipeMainView+SearchBar.swift"; sourceTree = "<group>"; };
		FE9480E126BC35E800E41CDC /* RecipesApp.app */ = {isa = PBXFileReference; explicitFileType = wrapper.application; includeInIndex = 0; path = RecipesApp.app; sourceTree = BUILT_PRODUCTS_DIR; };
		FE9480E426BC35E800E41CDC /* AppDelegate.swift */ = {isa = PBXFileReference; lastKnownFileType = sourcecode.swift; path = AppDelegate.swift; sourceTree = "<group>"; };
		FE9480E826BC35E800E41CDC /* RecipesMainViewController.swift */ = {isa = PBXFileReference; lastKnownFileType = sourcecode.swift; path = RecipesMainViewController.swift; sourceTree = "<group>"; };
		FE9480EB26BC35E800E41CDC /* Base */ = {isa = PBXFileReference; lastKnownFileType = file.storyboard; name = Base; path = Base.lproj/Main.storyboard; sourceTree = "<group>"; };
		FE9480EE26BC35E800E41CDC /* RecipesApp.xcdatamodel */ = {isa = PBXFileReference; lastKnownFileType = wrapper.xcdatamodel; path = RecipesApp.xcdatamodel; sourceTree = "<group>"; };
		FE9480F026BC35EA00E41CDC /* Assets.xcassets */ = {isa = PBXFileReference; lastKnownFileType = folder.assetcatalog; path = Assets.xcassets; sourceTree = "<group>"; };
		FE9480F326BC35EA00E41CDC /* Base */ = {isa = PBXFileReference; lastKnownFileType = file.storyboard; name = Base; path = Base.lproj/LaunchScreen.storyboard; sourceTree = "<group>"; };
		FE9480F526BC35EA00E41CDC /* Info.plist */ = {isa = PBXFileReference; lastKnownFileType = text.plist.xml; path = Info.plist; sourceTree = "<group>"; };
		FE9480FA26BC35EA00E41CDC /* RecipesAppTests.xctest */ = {isa = PBXFileReference; explicitFileType = wrapper.cfbundle; includeInIndex = 0; path = RecipesAppTests.xctest; sourceTree = BUILT_PRODUCTS_DIR; };
		FE9480FE26BC35EA00E41CDC /* RecipesAppTests.swift */ = {isa = PBXFileReference; lastKnownFileType = sourcecode.swift; path = RecipesAppTests.swift; sourceTree = "<group>"; };
		FE94810026BC35EA00E41CDC /* Info.plist */ = {isa = PBXFileReference; lastKnownFileType = text.plist.xml; path = Info.plist; sourceTree = "<group>"; };
		FE94810526BC35EA00E41CDC /* RecipesAppUITests.xctest */ = {isa = PBXFileReference; explicitFileType = wrapper.cfbundle; includeInIndex = 0; path = RecipesAppUITests.xctest; sourceTree = BUILT_PRODUCTS_DIR; };
		FE94810926BC35EA00E41CDC /* RecipesAppUITests.swift */ = {isa = PBXFileReference; lastKnownFileType = sourcecode.swift; path = RecipesAppUITests.swift; sourceTree = "<group>"; };
		FE94810B26BC35EA00E41CDC /* Info.plist */ = {isa = PBXFileReference; lastKnownFileType = text.plist.xml; path = Info.plist; sourceTree = "<group>"; };
		FE94812826BC415000E41CDC /* RecipesMainView+tableExtension.swift */ = {isa = PBXFileReference; lastKnownFileType = sourcecode.swift; path = "RecipesMainView+tableExtension.swift"; sourceTree = "<group>"; };
		FE94812E26BC41BF00E41CDC /* Recipe.swift */ = {isa = PBXFileReference; lastKnownFileType = sourcecode.swift; path = Recipe.swift; sourceTree = "<group>"; };
		FE94813326BC433B00E41CDC /* RecipesAPIResponse.swift */ = {isa = PBXFileReference; lastKnownFileType = sourcecode.swift; path = RecipesAPIResponse.swift; sourceTree = "<group>"; };
		FE94813826BC490D00E41CDC /* RecipeTableCell.swift */ = {isa = PBXFileReference; lastKnownFileType = sourcecode.swift; path = RecipeTableCell.swift; sourceTree = "<group>"; };
		FE94815926BC5E4C00E41CDC /* RecipesAPIModel.swift */ = {isa = PBXFileReference; lastKnownFileType = sourcecode.swift; path = RecipesAPIModel.swift; sourceTree = "<group>"; };
		FE94816326BC5FF300E41CDC /* URLs.swift */ = {isa = PBXFileReference; lastKnownFileType = sourcecode.swift; path = URLs.swift; sourceTree = "<group>"; };
		FE94816B26BC61B300E41CDC /* RecipesViewModel.swift */ = {isa = PBXFileReference; lastKnownFileType = sourcecode.swift; path = RecipesViewModel.swift; sourceTree = "<group>"; };
		FEB2B5156A0206C1E6CD208D /* Pods_RecipesAppTests.framework */ = {isa = PBXFileReference; explicitFileType = wrapper.framework; includeInIndex = 0; path = Pods_RecipesAppTests.framework; sourceTree = BUILT_PRODUCTS_DIR; };
/* End PBXFileReference section */

/* Begin PBXFrameworksBuildPhase section */
		FE9480DE26BC35E800E41CDC /* Frameworks */ = {
			isa = PBXFrameworksBuildPhase;
			buildActionMask = 2147483647;
			files = (
				E1BDD03D870B90FDF5C5B6E9 /* Pods_RecipesApp.framework in Frameworks */,
			);
			runOnlyForDeploymentPostprocessing = 0;
		};
		FE9480F726BC35EA00E41CDC /* Frameworks */ = {
			isa = PBXFrameworksBuildPhase;
			buildActionMask = 2147483647;
			files = (
				0CBC67AA7005DE5F76FE2ECC /* Pods_RecipesAppTests.framework in Frameworks */,
			);
			runOnlyForDeploymentPostprocessing = 0;
		};
		FE94810226BC35EA00E41CDC /* Frameworks */ = {
			isa = PBXFrameworksBuildPhase;
			buildActionMask = 2147483647;
			files = (
				8A47B9D757A8B739CF746C46 /* Pods_RecipesApp_RecipesAppUITests.framework in Frameworks */,
			);
			runOnlyForDeploymentPostprocessing = 0;
		};
/* End PBXFrameworksBuildPhase section */

/* Begin PBXGroup section */
		555016F501D3DF6D94A425F8 /* Frameworks */ = {
			isa = PBXGroup;
			children = (
				710FE6A7C5ABC9B88995D601 /* Pods_RecipesApp.framework */,
				4D7E74469B4FD509EE8943AB /* Pods_RecipesApp_RecipesAppUITests.framework */,
				FEB2B5156A0206C1E6CD208D /* Pods_RecipesAppTests.framework */,
			);
			name = Frameworks;
			sourceTree = "<group>";
		};
		8015B2E7870788A4ED28F7E2 /* Pods */ = {
			isa = PBXGroup;
			children = (
				ED1AA16AF8AE10260F42CD39 /* Pods-RecipesApp.debug.xcconfig */,
				8C90F77224D45653E4CEDF78 /* Pods-RecipesApp.release.xcconfig */,
				14104B73ADD63A902F7BCBE1 /* Pods-RecipesApp-RecipesAppUITests.debug.xcconfig */,
				6A98F95E1EE007868AA4BBB8 /* Pods-RecipesApp-RecipesAppUITests.release.xcconfig */,
				0A7F32EBDA18143BCC298621 /* Pods-RecipesAppTests.debug.xcconfig */,
				152B175B21E597A2527F807B /* Pods-RecipesAppTests.release.xcconfig */,
			);
			path = Pods;
			sourceTree = "<group>";
		};
		FE6CF76726C2D16100E28D45 /* LocalStorage */ = {
			isa = PBXGroup;
			children = (
				FE6CF76826C2D18600E28D45 /* SearchRecommendationModel.swift */,
			);
			path = LocalStorage;
			sourceTree = "<group>";
		};
		FE7AD16226C031A70024F673 /* UI Extensions */ = {
			isa = PBXGroup;
			children = (
				FE7AD16326C031C10024F673 /* RoundedCornerButton.swift */,
			);
			path = "UI Extensions";
			sourceTree = "<group>";
		};
		FE7AD17026C034B80024F673 /* Cells */ = {
			isa = PBXGroup;
			children = (
				FE94813826BC490D00E41CDC /* RecipeTableCell.swift */,
				FE7AD17926C035100024F673 /* FilterCellCollectionViewCell.swift */,
			);
			path = Cells;
			sourceTree = "<group>";
		};
		FE9480D826BC35E800E41CDC = {
			isa = PBXGroup;
			children = (
				FE9480E326BC35E800E41CDC /* RecipesApp */,
				FE9480FD26BC35EA00E41CDC /* RecipesAppTests */,
				FE94810826BC35EA00E41CDC /* RecipesAppUITests */,
				FE9480E226BC35E800E41CDC /* Products */,
				8015B2E7870788A4ED28F7E2 /* Pods */,
				555016F501D3DF6D94A425F8 /* Frameworks */,
			);
			sourceTree = "<group>";
		};
		FE9480E226BC35E800E41CDC /* Products */ = {
			isa = PBXGroup;
			children = (
				FE9480E126BC35E800E41CDC /* RecipesApp.app */,
				FE9480FA26BC35EA00E41CDC /* RecipesAppTests.xctest */,
				FE94810526BC35EA00E41CDC /* RecipesAppUITests.xctest */,
			);
			name = Products;
			sourceTree = "<group>";
		};
		FE9480E326BC35E800E41CDC /* RecipesApp */ = {
			isa = PBXGroup;
			children = (
				FE7AD17026C034B80024F673 /* Cells */,
				FE7AD16226C031A70024F673 /* UI Extensions */,
				FE94817026BC61C700E41CDC /* ViewModels */,
				FE94816226BC5FE300E41CDC /* Constants */,
				FE94815826BC5E1B00E41CDC /* Models */,
				FE94812D26BC41B100E41CDC /* POJOs */,
				FE94812726BC411700E41CDC /* ViewControllers Extentions */,
				FE94812626BC40FF00E41CDC /* ViewControllers */,
				FE9480E426BC35E800E41CDC /* AppDelegate.swift */,
				FE9480EA26BC35E800E41CDC /* Main.storyboard */,
				FE9480F026BC35EA00E41CDC /* Assets.xcassets */,
				FE9480F226BC35EA00E41CDC /* LaunchScreen.storyboard */,
				FE9480F526BC35EA00E41CDC /* Info.plist */,
				FE9480ED26BC35E800E41CDC /* RecipesApp.xcdatamodeld */,
			);
			path = RecipesApp;
			sourceTree = "<group>";
		};
		FE9480FD26BC35EA00E41CDC /* RecipesAppTests */ = {
			isa = PBXGroup;
			children = (
				FE9480FE26BC35EA00E41CDC /* RecipesAppTests.swift */,
				FE94810026BC35EA00E41CDC /* Info.plist */,
			);
			path = RecipesAppTests;
			sourceTree = "<group>";
		};
		FE94810826BC35EA00E41CDC /* RecipesAppUITests */ = {
			isa = PBXGroup;
			children = (
				FE94810926BC35EA00E41CDC /* RecipesAppUITests.swift */,
				FE94810B26BC35EA00E41CDC /* Info.plist */,
			);
			path = RecipesAppUITests;
			sourceTree = "<group>";
		};
		FE94812626BC40FF00E41CDC /* ViewControllers */ = {
			isa = PBXGroup;
			children = (
				FE9480E826BC35E800E41CDC /* RecipesMainViewController.swift */,
				FE3F67AE26BEFF4300E1F46A /* RecipeDetailsViewController.swift */,
			);
			path = ViewControllers;
			sourceTree = "<group>";
		};
		FE94812726BC411700E41CDC /* ViewControllers Extentions */ = {
			isa = PBXGroup;
			children = (
				FE94812826BC415000E41CDC /* RecipesMainView+tableExtension.swift */,
				FE3F67B326BF04C800E1F46A /* recipeDetails+ingrediantsTable.swift */,
				FE7AD16B26C033DB0024F673 /* RecipesMainView+FilterCollectionView.swift */,
				FE7AD18126C051950024F673 /* ViewController+Spinner.swift */,
				FE7AD18626C054200024F673 /* RecipeMainView+SearchBar.swift */,
			);
			path = "ViewControllers Extentions";
			sourceTree = "<group>";
		};
		FE94812D26BC41B100E41CDC /* POJOs */ = {
			isa = PBXGroup;
			children = (
				FE94812E26BC41BF00E41CDC /* Recipe.swift */,
				FE94813326BC433B00E41CDC /* RecipesAPIResponse.swift */,
				FE6CF76226C2CE9D00E28D45 /* RecommendationStack.swift */,
			);
			path = POJOs;
			sourceTree = "<group>";
		};
		FE94815826BC5E1B00E41CDC /* Models */ = {
			isa = PBXGroup;
			children = (
				FE6CF76726C2D16100E28D45 /* LocalStorage */,
				FE94815E26BC5EF500E41CDC /* Network */,
			);
			path = Models;
			sourceTree = "<group>";
		};
		FE94815E26BC5EF500E41CDC /* Network */ = {
			isa = PBXGroup;
			children = (
				FE94815926BC5E4C00E41CDC /* RecipesAPIModel.swift */,
			);
			path = Network;
			sourceTree = "<group>";
		};
		FE94816226BC5FE300E41CDC /* Constants */ = {
			isa = PBXGroup;
			children = (
				FE94816326BC5FF300E41CDC /* URLs.swift */,
				FE3F67A926BEE19600E1F46A /* ContsntsData.swift */,
			);
			path = Constants;
			sourceTree = "<group>";
		};
		FE94817026BC61C700E41CDC /* ViewModels */ = {
			isa = PBXGroup;
			children = (
				FE94816B26BC61B300E41CDC /* RecipesViewModel.swift */,
				FE6CF77326C2D57C00E28D45 /* SearchRecommendationsViewModel.swift */,
			);
			path = ViewModels;
			sourceTree = "<group>";
		};
/* End PBXGroup section */

/* Begin PBXNativeTarget section */
		FE9480E026BC35E800E41CDC /* RecipesApp */ = {
			isa = PBXNativeTarget;
			buildConfigurationList = FE94810E26BC35EA00E41CDC /* Build configuration list for PBXNativeTarget "RecipesApp" */;
			buildPhases = (
				207B82CD71C980560A741821 /* [CP] Check Pods Manifest.lock */,
				FE9480DD26BC35E800E41CDC /* Sources */,
				FE9480DE26BC35E800E41CDC /* Frameworks */,
				FE9480DF26BC35E800E41CDC /* Resources */,
				A0C2823E48970D6B48E63047 /* [CP] Embed Pods Frameworks */,
			);
			buildRules = (
			);
			dependencies = (
			);
			name = RecipesApp;
			productName = RecipesApp;
			productReference = FE9480E126BC35E800E41CDC /* RecipesApp.app */;
			productType = "com.apple.product-type.application";
		};
		FE9480F926BC35EA00E41CDC /* RecipesAppTests */ = {
			isa = PBXNativeTarget;
			buildConfigurationList = FE94811126BC35EA00E41CDC /* Build configuration list for PBXNativeTarget "RecipesAppTests" */;
			buildPhases = (
				1D381254FD59F7B179B7DE4C /* [CP] Check Pods Manifest.lock */,
				FE9480F626BC35EA00E41CDC /* Sources */,
				FE9480F726BC35EA00E41CDC /* Frameworks */,
				FE9480F826BC35EA00E41CDC /* Resources */,
				021CAE3645EABDB7FAEC3E45 /* [CP] Embed Pods Frameworks */,
			);
			buildRules = (
			);
			dependencies = (
				FE9480FC26BC35EA00E41CDC /* PBXTargetDependency */,
			);
			name = RecipesAppTests;
			productName = RecipesAppTests;
			productReference = FE9480FA26BC35EA00E41CDC /* RecipesAppTests.xctest */;
			productType = "com.apple.product-type.bundle.unit-test";
		};
		FE94810426BC35EA00E41CDC /* RecipesAppUITests */ = {
			isa = PBXNativeTarget;
			buildConfigurationList = FE94811426BC35EA00E41CDC /* Build configuration list for PBXNativeTarget "RecipesAppUITests" */;
			buildPhases = (
				AA590CEFAD6C233E823E7612 /* [CP] Check Pods Manifest.lock */,
				FE94810126BC35EA00E41CDC /* Sources */,
				FE94810226BC35EA00E41CDC /* Frameworks */,
				FE94810326BC35EA00E41CDC /* Resources */,
				1C0CECB4F0A0B642885CF217 /* [CP] Embed Pods Frameworks */,
			);
			buildRules = (
			);
			dependencies = (
				FE94810726BC35EA00E41CDC /* PBXTargetDependency */,
			);
			name = RecipesAppUITests;
			productName = RecipesAppUITests;
			productReference = FE94810526BC35EA00E41CDC /* RecipesAppUITests.xctest */;
			productType = "com.apple.product-type.bundle.ui-testing";
		};
/* End PBXNativeTarget section */

/* Begin PBXProject section */
		FE9480D926BC35E800E41CDC /* Project object */ = {
			isa = PBXProject;
			attributes = {
				LastSwiftUpdateCheck = 1230;
				LastUpgradeCheck = 1230;
				TargetAttributes = {
					FE9480E026BC35E800E41CDC = {
						CreatedOnToolsVersion = 12.3;
					};
					FE9480F926BC35EA00E41CDC = {
						CreatedOnToolsVersion = 12.3;
						TestTargetID = FE9480E026BC35E800E41CDC;
					};
					FE94810426BC35EA00E41CDC = {
						CreatedOnToolsVersion = 12.3;
						TestTargetID = FE9480E026BC35E800E41CDC;
					};
				};
			};
			buildConfigurationList = FE9480DC26BC35E800E41CDC /* Build configuration list for PBXProject "RecipesApp" */;
			compatibilityVersion = "Xcode 9.3";
			developmentRegion = en;
			hasScannedForEncodings = 0;
			knownRegions = (
				en,
				Base,
			);
			mainGroup = FE9480D826BC35E800E41CDC;
			productRefGroup = FE9480E226BC35E800E41CDC /* Products */;
			projectDirPath = "";
			projectRoot = "";
			targets = (
				FE9480E026BC35E800E41CDC /* RecipesApp */,
				FE9480F926BC35EA00E41CDC /* RecipesAppTests */,
				FE94810426BC35EA00E41CDC /* RecipesAppUITests */,
			);
		};
/* End PBXProject section */

/* Begin PBXResourcesBuildPhase section */
		FE9480DF26BC35E800E41CDC /* Resources */ = {
			isa = PBXResourcesBuildPhase;
			buildActionMask = 2147483647;
			files = (
				FE9480F426BC35EA00E41CDC /* LaunchScreen.storyboard in Resources */,
				FE9480F126BC35EA00E41CDC /* Assets.xcassets in Resources */,
				FE9480EC26BC35E800E41CDC /* Main.storyboard in Resources */,
			);
			runOnlyForDeploymentPostprocessing = 0;
		};
		FE9480F826BC35EA00E41CDC /* Resources */ = {
			isa = PBXResourcesBuildPhase;
			buildActionMask = 2147483647;
			files = (
			);
			runOnlyForDeploymentPostprocessing = 0;
		};
		FE94810326BC35EA00E41CDC /* Resources */ = {
			isa = PBXResourcesBuildPhase;
			buildActionMask = 2147483647;
			files = (
			);
			runOnlyForDeploymentPostprocessing = 0;
		};
/* End PBXResourcesBuildPhase section */

/* Begin PBXShellScriptBuildPhase section */
		021CAE3645EABDB7FAEC3E45 /* [CP] Embed Pods Frameworks */ = {
			isa = PBXShellScriptBuildPhase;
			buildActionMask = 2147483647;
			files = (
			);
			inputFileListPaths = (
				"${PODS_ROOT}/Target Support Files/Pods-RecipesAppTests/Pods-RecipesAppTests-frameworks-${CONFIGURATION}-input-files.xcfilelist",
			);
			name = "[CP] Embed Pods Frameworks";
			outputFileListPaths = (
				"${PODS_ROOT}/Target Support Files/Pods-RecipesAppTests/Pods-RecipesAppTests-frameworks-${CONFIGURATION}-output-files.xcfilelist",
			);
			runOnlyForDeploymentPostprocessing = 0;
			shellPath = /bin/sh;
			shellScript = "\"${PODS_ROOT}/Target Support Files/Pods-RecipesAppTests/Pods-RecipesAppTests-frameworks.sh\"\n";
			showEnvVarsInLog = 0;
		};
		1C0CECB4F0A0B642885CF217 /* [CP] Embed Pods Frameworks */ = {
			isa = PBXShellScriptBuildPhase;
			buildActionMask = 2147483647;
			files = (
			);
			inputFileListPaths = (
				"${PODS_ROOT}/Target Support Files/Pods-RecipesApp-RecipesAppUITests/Pods-RecipesApp-RecipesAppUITests-frameworks-${CONFIGURATION}-input-files.xcfilelist",
			);
			name = "[CP] Embed Pods Frameworks";
			outputFileListPaths = (
				"${PODS_ROOT}/Target Support Files/Pods-RecipesApp-RecipesAppUITests/Pods-RecipesApp-RecipesAppUITests-frameworks-${CONFIGURATION}-output-files.xcfilelist",
			);
			runOnlyForDeploymentPostprocessing = 0;
			shellPath = /bin/sh;
			shellScript = "\"${PODS_ROOT}/Target Support Files/Pods-RecipesApp-RecipesAppUITests/Pods-RecipesApp-RecipesAppUITests-frameworks.sh\"\n";
			showEnvVarsInLog = 0;
		};
		1D381254FD59F7B179B7DE4C /* [CP] Check Pods Manifest.lock */ = {
			isa = PBXShellScriptBuildPhase;
			buildActionMask = 2147483647;
			files = (
			);
			inputFileListPaths = (
			);
			inputPaths = (
				"${PODS_PODFILE_DIR_PATH}/Podfile.lock",
				"${PODS_ROOT}/Manifest.lock",
			);
			name = "[CP] Check Pods Manifest.lock";
			outputFileListPaths = (
			);
			outputPaths = (
				"$(DERIVED_FILE_DIR)/Pods-RecipesAppTests-checkManifestLockResult.txt",
			);
			runOnlyForDeploymentPostprocessing = 0;
			shellPath = /bin/sh;
			shellScript = "diff \"${PODS_PODFILE_DIR_PATH}/Podfile.lock\" \"${PODS_ROOT}/Manifest.lock\" > /dev/null\nif [ $? != 0 ] ; then\n    # print error to STDERR\n    echo \"error: The sandbox is not in sync with the Podfile.lock. Run 'pod install' or update your CocoaPods installation.\" >&2\n    exit 1\nfi\n# This output is used by Xcode 'outputs' to avoid re-running this script phase.\necho \"SUCCESS\" > \"${SCRIPT_OUTPUT_FILE_0}\"\n";
			showEnvVarsInLog = 0;
		};
		207B82CD71C980560A741821 /* [CP] Check Pods Manifest.lock */ = {
			isa = PBXShellScriptBuildPhase;
			buildActionMask = 2147483647;
			files = (
			);
			inputFileListPaths = (
			);
			inputPaths = (
				"${PODS_PODFILE_DIR_PATH}/Podfile.lock",
				"${PODS_ROOT}/Manifest.lock",
			);
			name = "[CP] Check Pods Manifest.lock";
			outputFileListPaths = (
			);
			outputPaths = (
				"$(DERIVED_FILE_DIR)/Pods-RecipesApp-checkManifestLockResult.txt",
			);
			runOnlyForDeploymentPostprocessing = 0;
			shellPath = /bin/sh;
			shellScript = "diff \"${PODS_PODFILE_DIR_PATH}/Podfile.lock\" \"${PODS_ROOT}/Manifest.lock\" > /dev/null\nif [ $? != 0 ] ; then\n    # print error to STDERR\n    echo \"error: The sandbox is not in sync with the Podfile.lock. Run 'pod install' or update your CocoaPods installation.\" >&2\n    exit 1\nfi\n# This output is used by Xcode 'outputs' to avoid re-running this script phase.\necho \"SUCCESS\" > \"${SCRIPT_OUTPUT_FILE_0}\"\n";
			showEnvVarsInLog = 0;
		};
		A0C2823E48970D6B48E63047 /* [CP] Embed Pods Frameworks */ = {
			isa = PBXShellScriptBuildPhase;
			buildActionMask = 2147483647;
			files = (
			);
			inputFileListPaths = (
				"${PODS_ROOT}/Target Support Files/Pods-RecipesApp/Pods-RecipesApp-frameworks-${CONFIGURATION}-input-files.xcfilelist",
			);
			name = "[CP] Embed Pods Frameworks";
			outputFileListPaths = (
				"${PODS_ROOT}/Target Support Files/Pods-RecipesApp/Pods-RecipesApp-frameworks-${CONFIGURATION}-output-files.xcfilelist",
			);
			runOnlyForDeploymentPostprocessing = 0;
			shellPath = /bin/sh;
			shellScript = "\"${PODS_ROOT}/Target Support Files/Pods-RecipesApp/Pods-RecipesApp-frameworks.sh\"\n";
			showEnvVarsInLog = 0;
		};
		AA590CEFAD6C233E823E7612 /* [CP] Check Pods Manifest.lock */ = {
			isa = PBXShellScriptBuildPhase;
			buildActionMask = 2147483647;
			files = (
			);
			inputFileListPaths = (
			);
			inputPaths = (
				"${PODS_PODFILE_DIR_PATH}/Podfile.lock",
				"${PODS_ROOT}/Manifest.lock",
			);
			name = "[CP] Check Pods Manifest.lock";
			outputFileListPaths = (
			);
			outputPaths = (
				"$(DERIVED_FILE_DIR)/Pods-RecipesApp-RecipesAppUITests-checkManifestLockResult.txt",
			);
			runOnlyForDeploymentPostprocessing = 0;
			shellPath = /bin/sh;
			shellScript = "diff \"${PODS_PODFILE_DIR_PATH}/Podfile.lock\" \"${PODS_ROOT}/Manifest.lock\" > /dev/null\nif [ $? != 0 ] ; then\n    # print error to STDERR\n    echo \"error: The sandbox is not in sync with the Podfile.lock. Run 'pod install' or update your CocoaPods installation.\" >&2\n    exit 1\nfi\n# This output is used by Xcode 'outputs' to avoid re-running this script phase.\necho \"SUCCESS\" > \"${SCRIPT_OUTPUT_FILE_0}\"\n";
			showEnvVarsInLog = 0;
		};
/* End PBXShellScriptBuildPhase section */

/* Begin PBXSourcesBuildPhase section */
		FE9480DD26BC35E800E41CDC /* Sources */ = {
			isa = PBXSourcesBuildPhase;
			buildActionMask = 2147483647;
			files = (
				FE9480E926BC35E800E41CDC /* RecipesMainViewController.swift in Sources */,
				FE3F67B426BF04C800E1F46A /* recipeDetails+ingrediantsTable.swift in Sources */,
				FE7AD17A26C035100024F673 /* FilterCellCollectionViewCell.swift in Sources */,
				FE6CF77426C2D57C00E28D45 /* SearchRecommendationsViewModel.swift in Sources */,
				FE94816426BC5FF300E41CDC /* URLs.swift in Sources */,
				FE94816C26BC61B300E41CDC /* RecipesViewModel.swift in Sources */,
				FE7AD16426C031C10024F673 /* RoundedCornerButton.swift in Sources */,
				FE6CF76926C2D18600E28D45 /* SearchRecommendationModel.swift in Sources */,
				FE3F67AA26BEE19600E1F46A /* ContsntsData.swift in Sources */,
				FE9480E526BC35E800E41CDC /* AppDelegate.swift in Sources */,
				FE94812926BC415000E41CDC /* RecipesMainView+tableExtension.swift in Sources */,
				FE7AD18726C054200024F673 /* RecipeMainView+SearchBar.swift in Sources */,
				FE9480EF26BC35E800E41CDC /* RecipesApp.xcdatamodeld in Sources */,
				FE3F67AF26BEFF4300E1F46A /* RecipeDetailsViewController.swift in Sources */,
				FE94812F26BC41BF00E41CDC /* Recipe.swift in Sources */,
				FE94813926BC490D00E41CDC /* RecipeTableCell.swift in Sources */,
				FE94815A26BC5E4C00E41CDC /* RecipesAPIModel.swift in Sources */,
				FE7AD16C26C033DB0024F673 /* RecipesMainView+FilterCollectionView.swift in Sources */,
				FE94813426BC433B00E41CDC /* RecipesAPIResponse.swift in Sources */,
				FE6CF76326C2CE9D00E28D45 /* RecommendationStack.swift in Sources */,
				FE7AD18226C051950024F673 /* ViewController+Spinner.swift in Sources */,
			);
			runOnlyForDeploymentPostprocessing = 0;
		};
		FE9480F626BC35EA00E41CDC /* Sources */ = {
			isa = PBXSourcesBuildPhase;
			buildActionMask = 2147483647;
			files = (
				FE9480FF26BC35EA00E41CDC /* RecipesAppTests.swift in Sources */,
			);
			runOnlyForDeploymentPostprocessing = 0;
		};
		FE94810126BC35EA00E41CDC /* Sources */ = {
			isa = PBXSourcesBuildPhase;
			buildActionMask = 2147483647;
			files = (
				FE94810A26BC35EA00E41CDC /* RecipesAppUITests.swift in Sources */,
			);
			runOnlyForDeploymentPostprocessing = 0;
		};
/* End PBXSourcesBuildPhase section */

/* Begin PBXTargetDependency section */
		FE9480FC26BC35EA00E41CDC /* PBXTargetDependency */ = {
			isa = PBXTargetDependency;
			target = FE9480E026BC35E800E41CDC /* RecipesApp */;
			targetProxy = FE9480FB26BC35EA00E41CDC /* PBXContainerItemProxy */;
		};
		FE94810726BC35EA00E41CDC /* PBXTargetDependency */ = {
			isa = PBXTargetDependency;
			target = FE9480E026BC35E800E41CDC /* RecipesApp */;
			targetProxy = FE94810626BC35EA00E41CDC /* PBXContainerItemProxy */;
		};
/* End PBXTargetDependency section */

/* Begin PBXVariantGroup section */
		FE9480EA26BC35E800E41CDC /* Main.storyboard */ = {
			isa = PBXVariantGroup;
			children = (
				FE9480EB26BC35E800E41CDC /* Base */,
			);
			name = Main.storyboard;
			sourceTree = "<group>";
		};
		FE9480F226BC35EA00E41CDC /* LaunchScreen.storyboard */ = {
			isa = PBXVariantGroup;
			children = (
				FE9480F326BC35EA00E41CDC /* Base */,
			);
			name = LaunchScreen.storyboard;
			sourceTree = "<group>";
		};
/* End PBXVariantGroup section */

/* Begin XCBuildConfiguration section */
		FE94810C26BC35EA00E41CDC /* Debug */ = {
			isa = XCBuildConfiguration;
			buildSettings = {
				ALWAYS_SEARCH_USER_PATHS = NO;
				CLANG_ANALYZER_NONNULL = YES;
				CLANG_ANALYZER_NUMBER_OBJECT_CONVERSION = YES_AGGRESSIVE;
				CLANG_CXX_LANGUAGE_STANDARD = "gnu++14";
				CLANG_CXX_LIBRARY = "libc++";
				CLANG_ENABLE_MODULES = YES;
				CLANG_ENABLE_OBJC_ARC = YES;
				CLANG_ENABLE_OBJC_WEAK = YES;
				CLANG_WARN_BLOCK_CAPTURE_AUTORELEASING = YES;
				CLANG_WARN_BOOL_CONVERSION = YES;
				CLANG_WARN_COMMA = YES;
				CLANG_WARN_CONSTANT_CONVERSION = YES;
				CLANG_WARN_DEPRECATED_OBJC_IMPLEMENTATIONS = YES;
				CLANG_WARN_DIRECT_OBJC_ISA_USAGE = YES_ERROR;
				CLANG_WARN_DOCUMENTATION_COMMENTS = YES;
				CLANG_WARN_EMPTY_BODY = YES;
				CLANG_WARN_ENUM_CONVERSION = YES;
				CLANG_WARN_INFINITE_RECURSION = YES;
				CLANG_WARN_INT_CONVERSION = YES;
				CLANG_WARN_NON_LITERAL_NULL_CONVERSION = YES;
				CLANG_WARN_OBJC_IMPLICIT_RETAIN_SELF = YES;
				CLANG_WARN_OBJC_LITERAL_CONVERSION = YES;
				CLANG_WARN_OBJC_ROOT_CLASS = YES_ERROR;
				CLANG_WARN_QUOTED_INCLUDE_IN_FRAMEWORK_HEADER = YES;
				CLANG_WARN_RANGE_LOOP_ANALYSIS = YES;
				CLANG_WARN_STRICT_PROTOTYPES = YES;
				CLANG_WARN_SUSPICIOUS_MOVE = YES;
				CLANG_WARN_UNGUARDED_AVAILABILITY = YES_AGGRESSIVE;
				CLANG_WARN_UNREACHABLE_CODE = YES;
				CLANG_WARN__DUPLICATE_METHOD_MATCH = YES;
				COPY_PHASE_STRIP = NO;
				DEBUG_INFORMATION_FORMAT = dwarf;
				ENABLE_STRICT_OBJC_MSGSEND = YES;
				ENABLE_TESTABILITY = YES;
				GCC_C_LANGUAGE_STANDARD = gnu11;
				GCC_DYNAMIC_NO_PIC = NO;
				GCC_NO_COMMON_BLOCKS = YES;
				GCC_OPTIMIZATION_LEVEL = 0;
				GCC_PREPROCESSOR_DEFINITIONS = (
					"DEBUG=1",
					"$(inherited)",
				);
				GCC_WARN_64_TO_32_BIT_CONVERSION = YES;
				GCC_WARN_ABOUT_RETURN_TYPE = YES_ERROR;
				GCC_WARN_UNDECLARED_SELECTOR = YES;
				GCC_WARN_UNINITIALIZED_AUTOS = YES_AGGRESSIVE;
				GCC_WARN_UNUSED_FUNCTION = YES;
				GCC_WARN_UNUSED_VARIABLE = YES;
				IPHONEOS_DEPLOYMENT_TARGET = 11.0;
				MTL_ENABLE_DEBUG_INFO = INCLUDE_SOURCE;
				MTL_FAST_MATH = YES;
				ONLY_ACTIVE_ARCH = YES;
				SDKROOT = iphoneos;
				SWIFT_ACTIVE_COMPILATION_CONDITIONS = DEBUG;
				SWIFT_OPTIMIZATION_LEVEL = "-Onone";
			};
			name = Debug;
		};
		FE94810D26BC35EA00E41CDC /* Release */ = {
			isa = XCBuildConfiguration;
			buildSettings = {
				ALWAYS_SEARCH_USER_PATHS = NO;
				CLANG_ANALYZER_NONNULL = YES;
				CLANG_ANALYZER_NUMBER_OBJECT_CONVERSION = YES_AGGRESSIVE;
				CLANG_CXX_LANGUAGE_STANDARD = "gnu++14";
				CLANG_CXX_LIBRARY = "libc++";
				CLANG_ENABLE_MODULES = YES;
				CLANG_ENABLE_OBJC_ARC = YES;
				CLANG_ENABLE_OBJC_WEAK = YES;
				CLANG_WARN_BLOCK_CAPTURE_AUTORELEASING = YES;
				CLANG_WARN_BOOL_CONVERSION = YES;
				CLANG_WARN_COMMA = YES;
				CLANG_WARN_CONSTANT_CONVERSION = YES;
				CLANG_WARN_DEPRECATED_OBJC_IMPLEMENTATIONS = YES;
				CLANG_WARN_DIRECT_OBJC_ISA_USAGE = YES_ERROR;
				CLANG_WARN_DOCUMENTATION_COMMENTS = YES;
				CLANG_WARN_EMPTY_BODY = YES;
				CLANG_WARN_ENUM_CONVERSION = YES;
				CLANG_WARN_INFINITE_RECURSION = YES;
				CLANG_WARN_INT_CONVERSION = YES;
				CLANG_WARN_NON_LITERAL_NULL_CONVERSION = YES;
				CLANG_WARN_OBJC_IMPLICIT_RETAIN_SELF = YES;
				CLANG_WARN_OBJC_LITERAL_CONVERSION = YES;
				CLANG_WARN_OBJC_ROOT_CLASS = YES_ERROR;
				CLANG_WARN_QUOTED_INCLUDE_IN_FRAMEWORK_HEADER = YES;
				CLANG_WARN_RANGE_LOOP_ANALYSIS = YES;
				CLANG_WARN_STRICT_PROTOTYPES = YES;
				CLANG_WARN_SUSPICIOUS_MOVE = YES;
				CLANG_WARN_UNGUARDED_AVAILABILITY = YES_AGGRESSIVE;
				CLANG_WARN_UNREACHABLE_CODE = YES;
				CLANG_WARN__DUPLICATE_METHOD_MATCH = YES;
				COPY_PHASE_STRIP = NO;
				DEBUG_INFORMATION_FORMAT = "dwarf-with-dsym";
				ENABLE_NS_ASSERTIONS = NO;
				ENABLE_STRICT_OBJC_MSGSEND = YES;
				GCC_C_LANGUAGE_STANDARD = gnu11;
				GCC_NO_COMMON_BLOCKS = YES;
				GCC_WARN_64_TO_32_BIT_CONVERSION = YES;
				GCC_WARN_ABOUT_RETURN_TYPE = YES_ERROR;
				GCC_WARN_UNDECLARED_SELECTOR = YES;
				GCC_WARN_UNINITIALIZED_AUTOS = YES_AGGRESSIVE;
				GCC_WARN_UNUSED_FUNCTION = YES;
				GCC_WARN_UNUSED_VARIABLE = YES;
				IPHONEOS_DEPLOYMENT_TARGET = 11.0;
				MTL_ENABLE_DEBUG_INFO = NO;
				MTL_FAST_MATH = YES;
				SDKROOT = iphoneos;
				SWIFT_COMPILATION_MODE = wholemodule;
				SWIFT_OPTIMIZATION_LEVEL = "-O";
				VALIDATE_PRODUCT = YES;
			};
			name = Release;
		};
		FE94810F26BC35EA00E41CDC /* Debug */ = {
			isa = XCBuildConfiguration;
			baseConfigurationReference = ED1AA16AF8AE10260F42CD39 /* Pods-RecipesApp.debug.xcconfig */;
			buildSettings = {
				ASSETCATALOG_COMPILER_APPICON_NAME = AppIcon;
				ASSETCATALOG_COMPILER_GLOBAL_ACCENT_COLOR_NAME = AccentColor;
				CODE_SIGN_STYLE = Automatic;
				DEVELOPMENT_TEAM = PV8996N9P3;
				INFOPLIST_FILE = RecipesApp/Info.plist;
				LD_RUNPATH_SEARCH_PATHS = (
					"$(inherited)",
					"@executable_path/Frameworks",
				);
				PRODUCT_BUNDLE_IDENTIFIER = KhalidSafwany.RecipesApp;
				PRODUCT_NAME = "$(TARGET_NAME)";
				SWIFT_VERSION = 5.0;
				TARGETED_DEVICE_FAMILY = 1;
			};
			name = Debug;
		};
		FE94811026BC35EA00E41CDC /* Release */ = {
			isa = XCBuildConfiguration;
			baseConfigurationReference = 8C90F77224D45653E4CEDF78 /* Pods-RecipesApp.release.xcconfig */;
			buildSettings = {
				ASSETCATALOG_COMPILER_APPICON_NAME = AppIcon;
				ASSETCATALOG_COMPILER_GLOBAL_ACCENT_COLOR_NAME = AccentColor;
				CODE_SIGN_STYLE = Automatic;
				DEVELOPMENT_TEAM = PV8996N9P3;
				INFOPLIST_FILE = RecipesApp/Info.plist;
				LD_RUNPATH_SEARCH_PATHS = (
					"$(inherited)",
					"@executable_path/Frameworks",
				);
				PRODUCT_BUNDLE_IDENTIFIER = KhalidSafwany.RecipesApp;
				PRODUCT_NAME = "$(TARGET_NAME)";
				SWIFT_VERSION = 5.0;
				TARGETED_DEVICE_FAMILY = 1;
			};
			name = Release;
		};
		FE94811226BC35EA00E41CDC /* Debug */ = {
			isa = XCBuildConfiguration;
			baseConfigurationReference = 0A7F32EBDA18143BCC298621 /* Pods-RecipesAppTests.debug.xcconfig */;
			buildSettings = {
				ALWAYS_EMBED_SWIFT_STANDARD_LIBRARIES = YES;
				BUNDLE_LOADER = "$(TEST_HOST)";
				CODE_SIGN_STYLE = Automatic;
				DEVELOPMENT_TEAM = PV8996N9P3;
				INFOPLIST_FILE = RecipesAppTests/Info.plist;
				IPHONEOS_DEPLOYMENT_TARGET = 14.3;
				LD_RUNPATH_SEARCH_PATHS = (
					"$(inherited)",
					"@executable_path/Frameworks",
					"@loader_path/Frameworks",
				);
				PRODUCT_BUNDLE_IDENTIFIER = KhalidSafwany.RecipesAppTests;
				PRODUCT_NAME = "$(TARGET_NAME)";
				SWIFT_VERSION = 5.0;
				TARGETED_DEVICE_FAMILY = "1,2";
				TEST_HOST = "$(BUILT_PRODUCTS_DIR)/RecipesApp.app/RecipesApp";
			};
			name = Debug;
		};
		FE94811326BC35EA00E41CDC /* Release */ = {
			isa = XCBuildConfiguration;
			baseConfigurationReference = 152B175B21E597A2527F807B /* Pods-RecipesAppTests.release.xcconfig */;
			buildSettings = {
				ALWAYS_EMBED_SWIFT_STANDARD_LIBRARIES = YES;
				BUNDLE_LOADER = "$(TEST_HOST)";
				CODE_SIGN_STYLE = Automatic;
				DEVELOPMENT_TEAM = PV8996N9P3;
				INFOPLIST_FILE = RecipesAppTests/Info.plist;
				IPHONEOS_DEPLOYMENT_TARGET = 14.3;
				LD_RUNPATH_SEARCH_PATHS = (
					"$(inherited)",
					"@executable_path/Frameworks",
					"@loader_path/Frameworks",
				);
				PRODUCT_BUNDLE_IDENTIFIER = KhalidSafwany.RecipesAppTests;
				PRODUCT_NAME = "$(TARGET_NAME)";
				SWIFT_VERSION = 5.0;
				TARGETED_DEVICE_FAMILY = "1,2";
				TEST_HOST = "$(BUILT_PRODUCTS_DIR)/RecipesApp.app/RecipesApp";
			};
			name = Release;
		};
		FE94811526BC35EA00E41CDC /* Debug */ = {
			isa = XCBuildConfiguration;
			baseConfigurationReference = 14104B73ADD63A902F7BCBE1 /* Pods-RecipesApp-RecipesAppUITests.debug.xcconfig */;
			buildSettings = {
				ALWAYS_EMBED_SWIFT_STANDARD_LIBRARIES = YES;
				CODE_SIGN_STYLE = Automatic;
				DEVELOPMENT_TEAM = PV8996N9P3;
				INFOPLIST_FILE = RecipesAppUITests/Info.plist;
				LD_RUNPATH_SEARCH_PATHS = (
					"$(inherited)",
					"@executable_path/Frameworks",
					"@loader_path/Frameworks",
				);
				PRODUCT_BUNDLE_IDENTIFIER = KhalidSafwany.RecipesAppUITests;
				PRODUCT_NAME = "$(TARGET_NAME)";
				SWIFT_VERSION = 5.0;
				TARGETED_DEVICE_FAMILY = "1,2";
				TEST_TARGET_NAME = RecipesApp;
			};
			name = Debug;
		};
		FE94811626BC35EA00E41CDC /* Release */ = {
			isa = XCBuildConfiguration;
			baseConfigurationReference = 6A98F95E1EE007868AA4BBB8 /* Pods-RecipesApp-RecipesAppUITests.release.xcconfig */;
			buildSettings = {
				ALWAYS_EMBED_SWIFT_STANDARD_LIBRARIES = YES;
				CODE_SIGN_STYLE = Automatic;
				DEVELOPMENT_TEAM = PV8996N9P3;
				INFOPLIST_FILE = RecipesAppUITests/Info.plist;
				LD_RUNPATH_SEARCH_PATHS = (
					"$(inherited)",
					"@executable_path/Frameworks",
					"@loader_path/Frameworks",
				);
				PRODUCT_BUNDLE_IDENTIFIER = KhalidSafwany.RecipesAppUITests;
				PRODUCT_NAME = "$(TARGET_NAME)";
				SWIFT_VERSION = 5.0;
				TARGETED_DEVICE_FAMILY = "1,2";
				TEST_TARGET_NAME = RecipesApp;
			};
			name = Release;
		};
/* End XCBuildConfiguration section */

/* Begin XCConfigurationList section */
		FE9480DC26BC35E800E41CDC /* Build configuration list for PBXProject "RecipesApp" */ = {
			isa = XCConfigurationList;
			buildConfigurations = (
				FE94810C26BC35EA00E41CDC /* Debug */,
				FE94810D26BC35EA00E41CDC /* Release */,
			);
			defaultConfigurationIsVisible = 0;
			defaultConfigurationName = Release;
		};
		FE94810E26BC35EA00E41CDC /* Build configuration list for PBXNativeTarget "RecipesApp" */ = {
			isa = XCConfigurationList;
			buildConfigurations = (
				FE94810F26BC35EA00E41CDC /* Debug */,
				FE94811026BC35EA00E41CDC /* Release */,
			);
			defaultConfigurationIsVisible = 0;
			defaultConfigurationName = Release;
		};
		FE94811126BC35EA00E41CDC /* Build configuration list for PBXNativeTarget "RecipesAppTests" */ = {
			isa = XCConfigurationList;
			buildConfigurations = (
				FE94811226BC35EA00E41CDC /* Debug */,
				FE94811326BC35EA00E41CDC /* Release */,
			);
			defaultConfigurationIsVisible = 0;
			defaultConfigurationName = Release;
		};
		FE94811426BC35EA00E41CDC /* Build configuration list for PBXNativeTarget "RecipesAppUITests" */ = {
			isa = XCConfigurationList;
			buildConfigurations = (
				FE94811526BC35EA00E41CDC /* Debug */,
				FE94811626BC35EA00E41CDC /* Release */,
			);
			defaultConfigurationIsVisible = 0;
			defaultConfigurationName = Release;
		};
/* End XCConfigurationList section */

/* Begin XCVersionGroup section */
		FE9480ED26BC35E800E41CDC /* RecipesApp.xcdatamodeld */ = {
			isa = XCVersionGroup;
			children = (
				FE9480EE26BC35E800E41CDC /* RecipesApp.xcdatamodel */,
			);
			currentVersion = FE9480EE26BC35E800E41CDC /* RecipesApp.xcdatamodel */;
			path = RecipesApp.xcdatamodeld;
			sourceTree = "<group>";
			versionGroupType = wrapper.xcdatamodel;
		};
/* End XCVersionGroup section */
	};
	rootObject = FE9480D926BC35E800E41CDC /* Project object */;
}
